{
  "name": "sanofrank.github.io",
  "version": "1.0.0",
  "lockfileVersion": 1,
  "requires": true,
  "dependencies": {
    "coa": {
      "version": "0.3.9",
      "resolved": "https://registry.npmjs.org/coa/-/coa-0.3.9.tgz",
      "integrity": "sha1-fj0g0wr3C4CGLpXU1JtxUYO+lgQ=",
      "requires": {
        "q": "~0.8.10"
      }
    },
    "gyp": {
      "version": "0.5.0",
      "resolved": "https://registry.npmjs.org/gyp/-/gyp-0.5.0.tgz",
      "integrity": "sha1-SGWkVk5fS3vv84y1K4qKNjN0VvQ=",
      "requires": {
        "gyp-conditions": "0.0.4",
        "gyp-expansions": "~0.0.0",
        "gyp-load": "~0.5.0",
        "gyp-merge": "~0.2.0"
      }
    },
    "gyp-conditions": {
      "version": "0.0.4",
      "resolved": "https://registry.npmjs.org/gyp-conditions/-/gyp-conditions-0.0.4.tgz",
      "integrity": "sha1-gfv2Y1qggcHwrsC4BLJ3nesGOd4=",
      "requires": {
        "ometajs": "~3.2.4"
      }
    },
    "gyp-expansions": {
      "version": "0.0.2",
      "resolved": "https://registry.npmjs.org/gyp-expansions/-/gyp-expansions-0.0.2.tgz",
      "integrity": "sha1-5mQhpmpGGg0s84T4cA8X6xR4NnI=",
      "requires": {
        "ometajs": "~3.2.4"
      }
    },
    "gyp-load": {
      "version": "0.5.0",
      "resolved": "https://registry.npmjs.org/gyp-load/-/gyp-load-0.5.0.tgz",
      "integrity": "sha1-EglnE6RrCnNhD8zQm1KLflJu5SA=",
      "requires": {
        "gyp-merge": "~0.2.0",
        "jsonic-ometajs": "~0.0.0"
      }
    },
    "gyp-merge": {
      "version": "0.2.1",
      "resolved": "https://registry.npmjs.org/gyp-merge/-/gyp-merge-0.2.1.tgz",
      "integrity": "sha1-0D0S1RKC97mbyoDjBZrKrOpDmYM="
    },
    "json-ometajs": {
      "version": "0.0.1",
      "resolved": "https://registry.npmjs.org/json-ometajs/-/json-ometajs-0.0.1.tgz",
      "integrity": "sha1-NavWW5H2w9GH0nyS9LIblBE1mZY=",
      "requires": {
        "ometajs": "~3.2.4"
      }
    },
    "jsonic-ometajs": {
      "version": "0.0.0",
      "resolved": "https://registry.npmjs.org/jsonic-ometajs/-/jsonic-ometajs-0.0.0.tgz",
      "integrity": "sha1-VKy2ntFwzC3IfLYsR6GWHFHRRIY=",
      "requires": {
        "json-ometajs": "0.0.1",
        "ometajs": "~3.2.4"
      }
    },
    "ometajs": {
      "version": "3.2.4",
      "resolved": "https://registry.npmjs.org/ometajs/-/ometajs-3.2.4.tgz",
      "integrity": "sha1-gHzfTA6N8XJ/Ikym2x+qxD6L2rE=",
      "requires": {
        "coa": "0.3.x",
        "q": "0.8.x",
        "uglify-js": "1.3.x"
      }
    },
    "q": {
      "version": "0.8.12",
      "resolved": "https://registry.npmjs.org/q/-/q-0.8.12.tgz",
      "integrity": "sha1-kWKpHhGBnEvNp9oVz1/vqtB3iCM="
    },
    "uglify-js": {
      "version": "1.3.5",
      "resolved": "https://registry.npmjs.org/uglify-js/-/uglify-js-1.3.5.tgz",
      "integrity": "sha1-S1v/+Rhu/7qoiOTJ6UvZ/EyUkp0="
    }
  }
}
